
Microsoft Visual Studio Solution File, Format Version 12.00
# Visual Studio Version 16
VisualStudioVersion = 16.0.29403.142
MinimumVisualStudioVersion = 10.0.40219.1
Project("{FAE04EC0-301F-11D3-BF4B-00C04F79EFBC}") = "BareBonesService", "BareBonesService\BareBonesService.csproj", "{FF740891-9CA5-4393-9B43-A7457728EBD4}"
EndProject
Global
	GlobalSection(SolutionConfigurationPlatforms) = preSolution
		Debug|Any CPU = Debug|Any CPU
		Release|Any CPU = Release|Any CPU
	EndGlobalSection
	GlobalSection(ProjectConfigurationPlatforms) = postSolution
		{FF740891-9CA5-4393-9B43-A7457728EBD4}.Debug|Any CPU.ActiveCfg = Debug|Any CPU
		{FF740891-9CA5-4393-9B43-A7457728EBD4}.Debug|Any CPU.Build.0 = Debug|Any CPU
		{FF740891-9CA5-4393-9B43-A7457728EBD4}.Release|Any CPU.ActiveCfg = Release|Any CPU
		{FF740891-9CA5-4393-9B43-A7457728EBD4}.Release|Any CPU.Build.0 = Release|Any CPU
	EndGlobalSection
	GlobalSection(SolutionProperties) = preSolution
		HideSolutionNode = FALSE
	EndGlobalSection
	GlobalSection(ExtensibilityGlobals) = postSolution
		SolutionGuid = {65E4F476-43FA-4606-8947-A83CE62C34C3}
	EndGlobalSection
EndGlobal
